uuid: df4c09da-43d3-47b8-a4ae-a1c1de749940
langcode: en
status: true
dependencies:
  theme:
    - bootstrap5
id: newsblock
theme: bootstrap5
region: sidebar_first
weight: -7
provider: null
plugin: 'block_content:cb2b7004-b5fe-4f9d-8a2f-162361ac1ca5'
settings:
  id: 'block_content:cb2b7004-b5fe-4f9d-8a2f-162361ac1ca5'
  label: MyNews
  label_display: '0'
  provider: core
  status: true
  info: ''
  view_mode: full
visibility: {  }
