uuid: 666a2272-0433-45dc-92d6-fac92c1fd745
langcode: en
status: true
dependencies:
  module:
    - node
    - system
  theme:
    - bootstrap5
id: mytextblock
theme: bootstrap5
region: content
weight: 0
provider: null
plugin: 'block_content:04319e30-65a1-4c7a-84e5-65cbecebd0dc'
settings:
  id: 'block_content:04319e30-65a1-4c7a-84e5-65cbecebd0dc'
  label: 'MyNews Block'
  label_display: visible
  provider: core
  status: true
  info: ''
  view_mode: full
visibility:
  request_path:
    id: request_path
    negate: false
    pages: Home
  'entity_bundle:node':
    id: 'entity_bundle:node'
    negate: false
    context_mapping:
      node: '@node.node_route_context:node'
    bundles:
      page: page
