uuid: c929d833-9eef-4a7f-bbbc-87593e790cc1
langcode: en
status: true
dependencies:
  content:
    - 'block_content:basic:2c98ebd6-6f86-4af3-8335-9fd26efe2c47'
  module:
    - block_content
  theme:
    - bootstrap5
id: newsblock
theme: bootstrap5
region: sidebar_first
weight: 0
provider: null
plugin: 'block_content:2c98ebd6-6f86-4af3-8335-9fd26efe2c47'
settings:
  id: 'block_content:2c98ebd6-6f86-4af3-8335-9fd26efe2c47'
  label: 'News block'
  label_display: visible
  provider: block_content
  status: true
  info: ''
  view_mode: full
visibility: {  }
